{
  "name": "base js",
  "lockfileVersion": 3,
  "requires": true,
  "packages": {
    "": {
      "dependencies": {
        "lodash": "^4.17.21",
        "shufflejs": "^6.1.1"
      },
      "devDependencies": {
        "@faker-js/faker": "^8.4.1",
        "prettier": "^3.2.5"
      }
    },
    "node_modules/@faker-js/faker": {
      "version": "8.4.1",
      "resolved": "https://registry.npmjs.org/@faker-js/faker/-/faker-8.4.1.tgz",
      "integrity": "sha512-XQ3cU+Q8Uqmrbf2e0cIC/QN43sTBSC8KF12u29Mb47tWrt2hAgBXSgpZMj4Ao8Uk0iJcU99QsOCaIL8934obCg==",
      "dev": true,
      "funding": [
        {
          "type": "opencollective",
          "url": "https://opencollective.com/fakerjs"
        }
      ],
      "engines": {
        "node": "^14.17.0 || ^16.13.0 || >=18.0.0",
        "npm": ">=6.14.13"
      }
    },
    "node_modules/array-parallel": {
      "version": "0.1.3",
      "resolved": "https://registry.npmjs.org/array-parallel/-/array-parallel-0.1.3.tgz",
      "integrity": "sha512-TDPTwSWW5E4oiFiKmz6RGJ/a80Y91GuLgUYuLd49+XBS75tYo8PNgaT2K/OxuQYqkoI852MDGBorg9OcUSTQ8w=="
    },
    "node_modules/lodash": {
      "version": "4.17.21",
      "resolved": "https://registry.npmjs.org/lodash/-/lodash-4.17.21.tgz",
      "integrity": "sha512-v2kDEe57lecTulaDIuNTPy3Ry4gLGJ6Z1O3vE1krgXZNrsQ+LFTGHVxVjcXPs17LhbZVGedAJv8XZ1tvj5FvSg=="
    },
    "node_modules/prettier": {
      "version": "3.2.5",
      "resolved": "https://registry.npmjs.org/prettier/-/prettier-3.2.5.tgz",
      "integrity": "sha512-3/GWa9aOC0YeD7LUfvOG2NiDyhOWRvt1k+rcKhOuYnMY24iiCphgneUfJDyFXd6rZCAnuLBv6UeAULtrhT/F4A==",
      "dev": true,
      "bin": {
        "prettier": "bin/prettier.cjs"
      },
      "engines": {
        "node": ">=14"
      },
      "funding": {
        "url": "https://github.com/prettier/prettier?sponsor=1"
      }
    },
    "node_modules/shufflejs": {
      "version": "6.1.1",
      "resolved": "https://registry.npmjs.org/shufflejs/-/shufflejs-6.1.1.tgz",
      "integrity": "sha512-DDWvItsogPZZuiYFogJCeOadNTjvl3/iYNm1SQIZgY+mbM4peHIrG6JfuLnKTTkONe1myWM4kAc4j5ZvxlYLYw==",
      "dependencies": {
        "array-parallel": "^0.1.3",
        "tiny-emitter": "^2.1.0"
      }
    },
    "node_modules/tiny-emitter": {
      "version": "2.1.0",
      "resolved": "https://registry.npmjs.org/tiny-emitter/-/tiny-emitter-2.1.0.tgz",
      "integrity": "sha512-NB6Dk1A9xgQPMoGqC5CVXn123gWyte215ONT5Pp5a0yt4nlEoO1ZWeCwpncaekPHXO60i47ihFnZPiRPjRMq4Q=="
    }
  }
}
